
Microsoft Visual Studio Solution File, Format Version 12.00
# Visual Studio Version 16
VisualStudioVersion = 16.0.29503.13
MinimumVisualStudioVersion = 10.0.40219.1
Project("{9A19103F-16F7-4668-BE54-9A1E7A4F7556}") = "XServiceBuilderLibrary", "XServiceBuilder\XServiceBuilderLibrary.csproj", "{F98746D1-4C16-47E6-A7A9-309B1D1B7278}"
EndProject
Project("{2150E333-8FDC-42A3-9474-1A3956D46DE8}") = "Abstractions", "Abstractions", "{1619BFF2-54D8-477D-8B95-8A5E35EDF103}"
EndProject
Project("{9A19103F-16F7-4668-BE54-9A1E7A4F7556}") = "XServiceBuilderLibrary.Abstractions", "XServiceBuilder\Abstractions\XServiceBuilderLibrary.Abstractions.csproj", "{5EF691A8-FCBC-4B27-8B8B-6803F0CEB86D}"
EndProject
Global
	GlobalSection(SolutionConfigurationPlatforms) = preSolution
		Debug|Any CPU = Debug|Any CPU
		Release|Any CPU = Release|Any CPU
	EndGlobalSection
	GlobalSection(ProjectConfigurationPlatforms) = postSolution
		{F98746D1-4C16-47E6-A7A9-309B1D1B7278}.Debug|Any CPU.ActiveCfg = Debug|Any CPU
		{F98746D1-4C16-47E6-A7A9-309B1D1B7278}.Debug|Any CPU.Build.0 = Debug|Any CPU
		{F98746D1-4C16-47E6-A7A9-309B1D1B7278}.Release|Any CPU.ActiveCfg = Release|Any CPU
		{F98746D1-4C16-47E6-A7A9-309B1D1B7278}.Release|Any CPU.Build.0 = Release|Any CPU
		{5EF691A8-FCBC-4B27-8B8B-6803F0CEB86D}.Debug|Any CPU.ActiveCfg = Debug|Any CPU
		{5EF691A8-FCBC-4B27-8B8B-6803F0CEB86D}.Debug|Any CPU.Build.0 = Debug|Any CPU
		{5EF691A8-FCBC-4B27-8B8B-6803F0CEB86D}.Release|Any CPU.ActiveCfg = Release|Any CPU
		{5EF691A8-FCBC-4B27-8B8B-6803F0CEB86D}.Release|Any CPU.Build.0 = Release|Any CPU
	EndGlobalSection
	GlobalSection(SolutionProperties) = preSolution
		HideSolutionNode = FALSE
	EndGlobalSection
	GlobalSection(NestedProjects) = preSolution
		{5EF691A8-FCBC-4B27-8B8B-6803F0CEB86D} = {1619BFF2-54D8-477D-8B95-8A5E35EDF103}
	EndGlobalSection
	GlobalSection(ExtensibilityGlobals) = postSolution
		SolutionGuid = {37C06F17-F777-4451-89EE-DAA95C4E5777}
	EndGlobalSection
EndGlobal
